
Microsoft Visual Studio Solution File, Format Version 12.00
# Visual Studio Version 17
VisualStudioVersion = 17.0.31903.59
MinimumVisualStudioVersion = 10.0.40219.1
Project("{2150E333-8FDC-42A3-9474-1A3956D46DE8}") = "src", "src", "{56E8C6C4-D877-471F-A376-E8949E0C2A7A}"
EndProject
Project("{FAE04EC0-301F-11D3-BF4B-00C04F79EFBC}") = "OrganizationService.Api", "src\OrganizationService.Api\OrganizationService.Api.csproj", "{F0B3C686-9A1C-4EC2-8F61-487D29F532B4}"
EndProject
Project("{FAE04EC0-301F-11D3-BF4B-00C04F79EFBC}") = "OrganizationService.Core", "src\OrganizationService.Core\OrganizationService.Core.csproj", "{4A0D15CC-8B37-416E-9AE2-72CE8BB9A005}"
EndProject
Project("{FAE04EC0-301F-11D3-BF4B-00C04F79EFBC}") = "OrganizationService.Infrastructure", "src\OrganizationService.Infrastructure\OrganizationService.Infrastructure.csproj", "{14C81746-F9C3-484C-8B74-C57C4ECE5C38}"
EndProject
Project("{2150E333-8FDC-42A3-9474-1A3956D46DE8}") = "tests", "tests", "{13C4A444-664A-4CEB-ABB5-18B665298D2F}"
EndProject
Project("{FAE04EC0-301F-11D3-BF4B-00C04F79EFBC}") = "OrganizationService.Tests", "tests\OrganizationService.Tests\OrganizationService.Tests.csproj", "{69FDAB62-8AD0-411A-B729-6D45A62C993B}"
EndProject
Global
	GlobalSection(SolutionConfigurationPlatforms) = preSolution
		Debug|Any CPU = Debug|Any CPU
		Release|Any CPU = Release|Any CPU
	EndGlobalSection
	GlobalSection(SolutionProperties) = preSolution
		HideSolutionNode = FALSE
	EndGlobalSection
	GlobalSection(ProjectConfigurationPlatforms) = postSolution
		{F0B3C686-9A1C-4EC2-8F61-487D29F532B4}.Debug|Any CPU.ActiveCfg = Debug|Any CPU
		{F0B3C686-9A1C-4EC2-8F61-487D29F532B4}.Debug|Any CPU.Build.0 = Debug|Any CPU
		{F0B3C686-9A1C-4EC2-8F61-487D29F532B4}.Release|Any CPU.ActiveCfg = Release|Any CPU
		{F0B3C686-9A1C-4EC2-8F61-487D29F532B4}.Release|Any CPU.Build.0 = Release|Any CPU
		{4A0D15CC-8B37-416E-9AE2-72CE8BB9A005}.Debug|Any CPU.ActiveCfg = Debug|Any CPU
		{4A0D15CC-8B37-416E-9AE2-72CE8BB9A005}.Debug|Any CPU.Build.0 = Debug|Any CPU
		{4A0D15CC-8B37-416E-9AE2-72CE8BB9A005}.Release|Any CPU.ActiveCfg = Release|Any CPU
		{4A0D15CC-8B37-416E-9AE2-72CE8BB9A005}.Release|Any CPU.Build.0 = Release|Any CPU
		{14C81746-F9C3-484C-8B74-C57C4ECE5C38}.Debug|Any CPU.ActiveCfg = Debug|Any CPU
		{14C81746-F9C3-484C-8B74-C57C4ECE5C38}.Debug|Any CPU.Build.0 = Debug|Any CPU
		{14C81746-F9C3-484C-8B74-C57C4ECE5C38}.Release|Any CPU.ActiveCfg = Release|Any CPU
		{14C81746-F9C3-484C-8B74-C57C4ECE5C38}.Release|Any CPU.Build.0 = Release|Any CPU
		{69FDAB62-8AD0-411A-B729-6D45A62C993B}.Debug|Any CPU.ActiveCfg = Debug|Any CPU
		{69FDAB62-8AD0-411A-B729-6D45A62C993B}.Debug|Any CPU.Build.0 = Debug|Any CPU
		{69FDAB62-8AD0-411A-B729-6D45A62C993B}.Release|Any CPU.ActiveCfg = Release|Any CPU
		{69FDAB62-8AD0-411A-B729-6D45A62C993B}.Release|Any CPU.Build.0 = Release|Any CPU
	EndGlobalSection
	GlobalSection(NestedProjects) = preSolution
		{F0B3C686-9A1C-4EC2-8F61-487D29F532B4} = {56E8C6C4-D877-471F-A376-E8949E0C2A7A}
		{4A0D15CC-8B37-416E-9AE2-72CE8BB9A005} = {56E8C6C4-D877-471F-A376-E8949E0C2A7A}
		{14C81746-F9C3-484C-8B74-C57C4ECE5C38} = {56E8C6C4-D877-471F-A376-E8949E0C2A7A}
		{69FDAB62-8AD0-411A-B729-6D45A62C993B} = {13C4A444-664A-4CEB-ABB5-18B665298D2F}
	EndGlobalSection
EndGlobal
