
Microsoft Visual Studio Solution File, Format Version 12.00
# Visual Studio Version 17
VisualStudioVersion = 17.0.31903.59
MinimumVisualStudioVersion = 10.0.40219.1
Project("{2150E333-8FDC-42A3-9474-1A3956D46DE8}") = "src", "src", "{66104EE5-595C-47D3-9801-570FE9EEA00A}"
EndProject
Project("{FAE04EC0-301F-11D3-BF4B-00C04F79EFBC}") = "WeighbridgeService.Core", "src\WeighbridgeService.Core\WeighbridgeService.Core.csproj", "{B07ACFF3-C313-4456-B05B-63238E987967}"
EndProject
Project("{FAE04EC0-301F-11D3-BF4B-00C04F79EFBC}") = "WeighbridgeService.Infrastructure", "src\WeighbridgeService.Infrastructure\WeighbridgeService.Infrastructure.csproj", "{56F98EB7-257E-4345-93B8-59B277B0B8B5}"
EndProject
Project("{FAE04EC0-301F-11D3-BF4B-00C04F79EFBC}") = "WeighbridgeService.Api", "src\WeighbridgeService.Api\WeighbridgeService.Api.csproj", "{76738C20-0767-49C9-A908-BEB4C892C8BB}"
EndProject
Project("{2150E333-8FDC-42A3-9474-1A3956D46DE8}") = "tests", "tests", "{019C5A47-0976-4809-A921-B4B22FC37652}"
EndProject
Project("{FAE04EC0-301F-11D3-BF4B-00C04F79EFBC}") = "WeighbridgeService.Tests", "tests\WeighbridgeService.Tests\WeighbridgeService.Tests.csproj", "{FC2DEB10-771F-402E-9646-6A06D333AC75}"
EndProject
Global
	GlobalSection(SolutionConfigurationPlatforms) = preSolution
		Debug|Any CPU = Debug|Any CPU
		Release|Any CPU = Release|Any CPU
	EndGlobalSection
	GlobalSection(SolutionProperties) = preSolution
		HideSolutionNode = FALSE
	EndGlobalSection
	GlobalSection(ProjectConfigurationPlatforms) = postSolution
		{B07ACFF3-C313-4456-B05B-63238E987967}.Debug|Any CPU.ActiveCfg = Debug|Any CPU
		{B07ACFF3-C313-4456-B05B-63238E987967}.Debug|Any CPU.Build.0 = Debug|Any CPU
		{B07ACFF3-C313-4456-B05B-63238E987967}.Release|Any CPU.ActiveCfg = Release|Any CPU
		{B07ACFF3-C313-4456-B05B-63238E987967}.Release|Any CPU.Build.0 = Release|Any CPU
		{56F98EB7-257E-4345-93B8-59B277B0B8B5}.Debug|Any CPU.ActiveCfg = Debug|Any CPU
		{56F98EB7-257E-4345-93B8-59B277B0B8B5}.Debug|Any CPU.Build.0 = Debug|Any CPU
		{56F98EB7-257E-4345-93B8-59B277B0B8B5}.Release|Any CPU.ActiveCfg = Release|Any CPU
		{56F98EB7-257E-4345-93B8-59B277B0B8B5}.Release|Any CPU.Build.0 = Release|Any CPU
		{76738C20-0767-49C9-A908-BEB4C892C8BB}.Debug|Any CPU.ActiveCfg = Debug|Any CPU
		{76738C20-0767-49C9-A908-BEB4C892C8BB}.Debug|Any CPU.Build.0 = Debug|Any CPU
		{76738C20-0767-49C9-A908-BEB4C892C8BB}.Release|Any CPU.ActiveCfg = Release|Any CPU
		{76738C20-0767-49C9-A908-BEB4C892C8BB}.Release|Any CPU.Build.0 = Release|Any CPU
		{FC2DEB10-771F-402E-9646-6A06D333AC75}.Debug|Any CPU.ActiveCfg = Debug|Any CPU
		{FC2DEB10-771F-402E-9646-6A06D333AC75}.Debug|Any CPU.Build.0 = Debug|Any CPU
		{FC2DEB10-771F-402E-9646-6A06D333AC75}.Release|Any CPU.ActiveCfg = Release|Any CPU
		{FC2DEB10-771F-402E-9646-6A06D333AC75}.Release|Any CPU.Build.0 = Release|Any CPU
	EndGlobalSection
	GlobalSection(NestedProjects) = preSolution
		{B07ACFF3-C313-4456-B05B-63238E987967} = {66104EE5-595C-47D3-9801-570FE9EEA00A}
		{56F98EB7-257E-4345-93B8-59B277B0B8B5} = {66104EE5-595C-47D3-9801-570FE9EEA00A}
		{76738C20-0767-49C9-A908-BEB4C892C8BB} = {66104EE5-595C-47D3-9801-570FE9EEA00A}
		{FC2DEB10-771F-402E-9646-6A06D333AC75} = {019C5A47-0976-4809-A921-B4B22FC37652}
	EndGlobalSection
EndGlobal
