
Microsoft Visual Studio Solution File, Format Version 12.00
# Visual Studio Version 17
VisualStudioVersion = 17.0.31903.59
MinimumVisualStudioVersion = 10.0.40219.1
Project("{2150E333-8FDC-42A3-9474-1A3956D46DE8}") = "src", "src", "{E120105A-51DC-48B3-AD98-C8C556A2A144}"
EndProject
Project("{FAE04EC0-301F-11D3-BF4B-00C04F79EFBC}") = "SupplierService.Core", "src\SupplierService.Core\SupplierService.Core.csproj", "{9249EB0B-3285-42F9-A785-305E124ED2F8}"
EndProject
Project("{FAE04EC0-301F-11D3-BF4B-00C04F79EFBC}") = "SupplierService.Infrastructure", "src\SupplierService.Infrastructure\SupplierService.Infrastructure.csproj", "{47859CAF-DFE7-4151-A97F-C092E82EA26B}"
EndProject
Project("{FAE04EC0-301F-11D3-BF4B-00C04F79EFBC}") = "SupplierService.Api", "src\SupplierService.Api\SupplierService.Api.csproj", "{C910E917-F517-4F51-9016-F0A92C7D7AF6}"
EndProject
Project("{2150E333-8FDC-42A3-9474-1A3956D46DE8}") = "tests", "tests", "{57BAC6AC-E5A6-4FFD-8D64-00F8DF189630}"
EndProject
Project("{FAE04EC0-301F-11D3-BF4B-00C04F79EFBC}") = "SupplierService.Tests", "tests\SupplierService.Tests\SupplierService.Tests.csproj", "{78CCAF04-C5DF-4638-8C05-6C9C95A2D903}"
EndProject
Global
	GlobalSection(SolutionConfigurationPlatforms) = preSolution
		Debug|Any CPU = Debug|Any CPU
		Release|Any CPU = Release|Any CPU
	EndGlobalSection
	GlobalSection(SolutionProperties) = preSolution
		HideSolutionNode = FALSE
	EndGlobalSection
	GlobalSection(ProjectConfigurationPlatforms) = postSolution
		{9249EB0B-3285-42F9-A785-305E124ED2F8}.Debug|Any CPU.ActiveCfg = Debug|Any CPU
		{9249EB0B-3285-42F9-A785-305E124ED2F8}.Debug|Any CPU.Build.0 = Debug|Any CPU
		{9249EB0B-3285-42F9-A785-305E124ED2F8}.Release|Any CPU.ActiveCfg = Release|Any CPU
		{9249EB0B-3285-42F9-A785-305E124ED2F8}.Release|Any CPU.Build.0 = Release|Any CPU
		{47859CAF-DFE7-4151-A97F-C092E82EA26B}.Debug|Any CPU.ActiveCfg = Debug|Any CPU
		{47859CAF-DFE7-4151-A97F-C092E82EA26B}.Debug|Any CPU.Build.0 = Debug|Any CPU
		{47859CAF-DFE7-4151-A97F-C092E82EA26B}.Release|Any CPU.ActiveCfg = Release|Any CPU
		{47859CAF-DFE7-4151-A97F-C092E82EA26B}.Release|Any CPU.Build.0 = Release|Any CPU
		{C910E917-F517-4F51-9016-F0A92C7D7AF6}.Debug|Any CPU.ActiveCfg = Debug|Any CPU
		{C910E917-F517-4F51-9016-F0A92C7D7AF6}.Debug|Any CPU.Build.0 = Debug|Any CPU
		{C910E917-F517-4F51-9016-F0A92C7D7AF6}.Release|Any CPU.ActiveCfg = Release|Any CPU
		{C910E917-F517-4F51-9016-F0A92C7D7AF6}.Release|Any CPU.Build.0 = Release|Any CPU
		{78CCAF04-C5DF-4638-8C05-6C9C95A2D903}.Debug|Any CPU.ActiveCfg = Debug|Any CPU
		{78CCAF04-C5DF-4638-8C05-6C9C95A2D903}.Debug|Any CPU.Build.0 = Debug|Any CPU
		{78CCAF04-C5DF-4638-8C05-6C9C95A2D903}.Release|Any CPU.ActiveCfg = Release|Any CPU
		{78CCAF04-C5DF-4638-8C05-6C9C95A2D903}.Release|Any CPU.Build.0 = Release|Any CPU
	EndGlobalSection
	GlobalSection(NestedProjects) = preSolution
		{9249EB0B-3285-42F9-A785-305E124ED2F8} = {E120105A-51DC-48B3-AD98-C8C556A2A144}
		{47859CAF-DFE7-4151-A97F-C092E82EA26B} = {E120105A-51DC-48B3-AD98-C8C556A2A144}
		{C910E917-F517-4F51-9016-F0A92C7D7AF6} = {E120105A-51DC-48B3-AD98-C8C556A2A144}
		{78CCAF04-C5DF-4638-8C05-6C9C95A2D903} = {57BAC6AC-E5A6-4FFD-8D64-00F8DF189630}
	EndGlobalSection
EndGlobal
