dependencies:
- name: postgresql
  repository: https://charts.bitnami.com/bitnami
  version: 13.2.24
- name: postgresql
  repository: https://charts.bitnami.com/bitnami
  version: 13.2.24
- name: redis
  repository: https://charts.bitnami.com/bitnami
  version: 18.6.1
- name: rabbitmq
  repository: https://charts.bitnami.com/bitnami
  version: 12.10.0
digest: sha256:99ded1805063be057322b30879a689671d427289daefca370aef092c7382b825
generated: "2026-03-23T12:24:20.663932888+01:00"
