
Microsoft Visual Studio Solution File, Format Version 12.00
# Visual Studio Version 17
VisualStudioVersion = 17.0.31903.59
MinimumVisualStudioVersion = 10.0.40219.1
Project("{2150E333-8FDC-42A3-9474-1A3956D46DE8}") = "src", "src", "{908FB74E-CEC2-475F-8D22-DDFA5D1280F6}"
EndProject
Project("{FAE04EC0-301F-11D3-BF4B-00C04F79EFBC}") = "AnalyticsService.Api", "src\AnalyticsService.Api\AnalyticsService.Api.csproj", "{6A343F68-CD52-4F4F-B4EE-96442D046B3D}"
EndProject
Project("{FAE04EC0-301F-11D3-BF4B-00C04F79EFBC}") = "AnalyticsService.Core", "src\AnalyticsService.Core\AnalyticsService.Core.csproj", "{D0A3B1E2-B2BF-4562-9D85-7FF17C7863C8}"
EndProject
Project("{FAE04EC0-301F-11D3-BF4B-00C04F79EFBC}") = "AnalyticsService.Infrastructure", "src\AnalyticsService.Infrastructure\AnalyticsService.Infrastructure.csproj", "{C437A94E-139E-4AED-B23A-72D52B87685B}"
EndProject
Project("{2150E333-8FDC-42A3-9474-1A3956D46DE8}") = "tests", "tests", "{F21A9227-5368-4BF1-849D-8D2497A21AE1}"
EndProject
Project("{FAE04EC0-301F-11D3-BF4B-00C04F79EFBC}") = "AnalyticsService.Tests", "tests\AnalyticsService.Tests\AnalyticsService.Tests.csproj", "{9DC1B7D8-E624-41BF-BE30-D8DBA444141B}"
EndProject
Global
	GlobalSection(SolutionConfigurationPlatforms) = preSolution
		Debug|Any CPU = Debug|Any CPU
		Release|Any CPU = Release|Any CPU
	EndGlobalSection
	GlobalSection(SolutionProperties) = preSolution
		HideSolutionNode = FALSE
	EndGlobalSection
	GlobalSection(ProjectConfigurationPlatforms) = postSolution
		{6A343F68-CD52-4F4F-B4EE-96442D046B3D}.Debug|Any CPU.ActiveCfg = Debug|Any CPU
		{6A343F68-CD52-4F4F-B4EE-96442D046B3D}.Debug|Any CPU.Build.0 = Debug|Any CPU
		{6A343F68-CD52-4F4F-B4EE-96442D046B3D}.Release|Any CPU.ActiveCfg = Release|Any CPU
		{6A343F68-CD52-4F4F-B4EE-96442D046B3D}.Release|Any CPU.Build.0 = Release|Any CPU
		{D0A3B1E2-B2BF-4562-9D85-7FF17C7863C8}.Debug|Any CPU.ActiveCfg = Debug|Any CPU
		{D0A3B1E2-B2BF-4562-9D85-7FF17C7863C8}.Debug|Any CPU.Build.0 = Debug|Any CPU
		{D0A3B1E2-B2BF-4562-9D85-7FF17C7863C8}.Release|Any CPU.ActiveCfg = Release|Any CPU
		{D0A3B1E2-B2BF-4562-9D85-7FF17C7863C8}.Release|Any CPU.Build.0 = Release|Any CPU
		{C437A94E-139E-4AED-B23A-72D52B87685B}.Debug|Any CPU.ActiveCfg = Debug|Any CPU
		{C437A94E-139E-4AED-B23A-72D52B87685B}.Debug|Any CPU.Build.0 = Debug|Any CPU
		{C437A94E-139E-4AED-B23A-72D52B87685B}.Release|Any CPU.ActiveCfg = Release|Any CPU
		{C437A94E-139E-4AED-B23A-72D52B87685B}.Release|Any CPU.Build.0 = Release|Any CPU
		{9DC1B7D8-E624-41BF-BE30-D8DBA444141B}.Debug|Any CPU.ActiveCfg = Debug|Any CPU
		{9DC1B7D8-E624-41BF-BE30-D8DBA444141B}.Debug|Any CPU.Build.0 = Debug|Any CPU
		{9DC1B7D8-E624-41BF-BE30-D8DBA444141B}.Release|Any CPU.ActiveCfg = Release|Any CPU
		{9DC1B7D8-E624-41BF-BE30-D8DBA444141B}.Release|Any CPU.Build.0 = Release|Any CPU
	EndGlobalSection
	GlobalSection(NestedProjects) = preSolution
		{6A343F68-CD52-4F4F-B4EE-96442D046B3D} = {908FB74E-CEC2-475F-8D22-DDFA5D1280F6}
		{D0A3B1E2-B2BF-4562-9D85-7FF17C7863C8} = {908FB74E-CEC2-475F-8D22-DDFA5D1280F6}
		{C437A94E-139E-4AED-B23A-72D52B87685B} = {908FB74E-CEC2-475F-8D22-DDFA5D1280F6}
		{9DC1B7D8-E624-41BF-BE30-D8DBA444141B} = {F21A9227-5368-4BF1-849D-8D2497A21AE1}
	EndGlobalSection
EndGlobal
