
Microsoft Visual Studio Solution File, Format Version 12.00
# Visual Studio Version 17
VisualStudioVersion = 17.0.31903.59
MinimumVisualStudioVersion = 10.0.40219.1
Project("{2150E333-8FDC-42A3-9474-1A3956D46DE8}") = "src", "src", "{2CFC4552-6196-4F58-B696-3A0B45FD4B03}"
EndProject
Project("{FAE04EC0-301F-11D3-BF4B-00C04F79EFBC}") = "TransporterService.Core", "src\TransporterService.Core\TransporterService.Core.csproj", "{9EE1BCF0-C221-4FA7-9805-7CB2A0BD5FCD}"
EndProject
Project("{FAE04EC0-301F-11D3-BF4B-00C04F79EFBC}") = "TransporterService.Infrastructure", "src\TransporterService.Infrastructure\TransporterService.Infrastructure.csproj", "{F5EBF54A-8AD6-4029-B725-47DC5B34F2A6}"
EndProject
Project("{FAE04EC0-301F-11D3-BF4B-00C04F79EFBC}") = "TransporterService.Api", "src\TransporterService.Api\TransporterService.Api.csproj", "{8D5B01F7-C0E2-417C-B66B-736D93706C79}"
EndProject
Project("{2150E333-8FDC-42A3-9474-1A3956D46DE8}") = "tests", "tests", "{8E39532E-6326-478C-8B2E-4301802C4FA2}"
EndProject
Project("{FAE04EC0-301F-11D3-BF4B-00C04F79EFBC}") = "TransporterService.Tests", "tests\TransporterService.Tests\TransporterService.Tests.csproj", "{59D63AA2-400D-4901-A01D-194504495024}"
EndProject
Global
	GlobalSection(SolutionConfigurationPlatforms) = preSolution
		Debug|Any CPU = Debug|Any CPU
		Release|Any CPU = Release|Any CPU
	EndGlobalSection
	GlobalSection(SolutionProperties) = preSolution
		HideSolutionNode = FALSE
	EndGlobalSection
	GlobalSection(ProjectConfigurationPlatforms) = postSolution
		{9EE1BCF0-C221-4FA7-9805-7CB2A0BD5FCD}.Debug|Any CPU.ActiveCfg = Debug|Any CPU
		{9EE1BCF0-C221-4FA7-9805-7CB2A0BD5FCD}.Debug|Any CPU.Build.0 = Debug|Any CPU
		{9EE1BCF0-C221-4FA7-9805-7CB2A0BD5FCD}.Release|Any CPU.ActiveCfg = Release|Any CPU
		{9EE1BCF0-C221-4FA7-9805-7CB2A0BD5FCD}.Release|Any CPU.Build.0 = Release|Any CPU
		{F5EBF54A-8AD6-4029-B725-47DC5B34F2A6}.Debug|Any CPU.ActiveCfg = Debug|Any CPU
		{F5EBF54A-8AD6-4029-B725-47DC5B34F2A6}.Debug|Any CPU.Build.0 = Debug|Any CPU
		{F5EBF54A-8AD6-4029-B725-47DC5B34F2A6}.Release|Any CPU.ActiveCfg = Release|Any CPU
		{F5EBF54A-8AD6-4029-B725-47DC5B34F2A6}.Release|Any CPU.Build.0 = Release|Any CPU
		{8D5B01F7-C0E2-417C-B66B-736D93706C79}.Debug|Any CPU.ActiveCfg = Debug|Any CPU
		{8D5B01F7-C0E2-417C-B66B-736D93706C79}.Debug|Any CPU.Build.0 = Debug|Any CPU
		{8D5B01F7-C0E2-417C-B66B-736D93706C79}.Release|Any CPU.ActiveCfg = Release|Any CPU
		{8D5B01F7-C0E2-417C-B66B-736D93706C79}.Release|Any CPU.Build.0 = Release|Any CPU
		{59D63AA2-400D-4901-A01D-194504495024}.Debug|Any CPU.ActiveCfg = Debug|Any CPU
		{59D63AA2-400D-4901-A01D-194504495024}.Debug|Any CPU.Build.0 = Debug|Any CPU
		{59D63AA2-400D-4901-A01D-194504495024}.Release|Any CPU.ActiveCfg = Release|Any CPU
		{59D63AA2-400D-4901-A01D-194504495024}.Release|Any CPU.Build.0 = Release|Any CPU
	EndGlobalSection
	GlobalSection(NestedProjects) = preSolution
		{9EE1BCF0-C221-4FA7-9805-7CB2A0BD5FCD} = {2CFC4552-6196-4F58-B696-3A0B45FD4B03}
		{F5EBF54A-8AD6-4029-B725-47DC5B34F2A6} = {2CFC4552-6196-4F58-B696-3A0B45FD4B03}
		{8D5B01F7-C0E2-417C-B66B-736D93706C79} = {2CFC4552-6196-4F58-B696-3A0B45FD4B03}
		{59D63AA2-400D-4901-A01D-194504495024} = {8E39532E-6326-478C-8B2E-4301802C4FA2}
	EndGlobalSection
EndGlobal
