
Microsoft Visual Studio Solution File, Format Version 12.00
# Visual Studio Version 17
VisualStudioVersion = 17.0.31903.59
MinimumVisualStudioVersion = 10.0.40219.1
Project("{2150E333-8FDC-42A3-9474-1A3956D46DE8}") = "src", "src", "{03503332-B746-463D-A093-4F0970121C05}"
EndProject
Project("{FAE04EC0-301F-11D3-BF4B-00C04F79EFBC}") = "ArchiveService.Api", "src\ArchiveService.Api\ArchiveService.Api.csproj", "{57EC703D-830F-4DEE-9137-052B1B9BC0EE}"
EndProject
Project("{FAE04EC0-301F-11D3-BF4B-00C04F79EFBC}") = "ArchiveService.Core", "src\ArchiveService.Core\ArchiveService.Core.csproj", "{AEAFE5F3-468F-40B2-B8C6-3E4C31BA2A9B}"
EndProject
Project("{FAE04EC0-301F-11D3-BF4B-00C04F79EFBC}") = "ArchiveService.Infrastructure", "src\ArchiveService.Infrastructure\ArchiveService.Infrastructure.csproj", "{0DBC8CBB-D008-44C0-AA76-15E7CE8C3027}"
EndProject
Project("{2150E333-8FDC-42A3-9474-1A3956D46DE8}") = "tests", "tests", "{65555CDA-554C-4732-AB81-89AACD5F7A0E}"
EndProject
Project("{FAE04EC0-301F-11D3-BF4B-00C04F79EFBC}") = "ArchiveService.Tests", "tests\ArchiveService.Tests\ArchiveService.Tests.csproj", "{4AB59F9B-D614-4A27-8684-CF7C1C3CA0D0}"
EndProject
Global
	GlobalSection(SolutionConfigurationPlatforms) = preSolution
		Debug|Any CPU = Debug|Any CPU
		Release|Any CPU = Release|Any CPU
	EndGlobalSection
	GlobalSection(SolutionProperties) = preSolution
		HideSolutionNode = FALSE
	EndGlobalSection
	GlobalSection(ProjectConfigurationPlatforms) = postSolution
		{57EC703D-830F-4DEE-9137-052B1B9BC0EE}.Debug|Any CPU.ActiveCfg = Debug|Any CPU
		{57EC703D-830F-4DEE-9137-052B1B9BC0EE}.Debug|Any CPU.Build.0 = Debug|Any CPU
		{57EC703D-830F-4DEE-9137-052B1B9BC0EE}.Release|Any CPU.ActiveCfg = Release|Any CPU
		{57EC703D-830F-4DEE-9137-052B1B9BC0EE}.Release|Any CPU.Build.0 = Release|Any CPU
		{AEAFE5F3-468F-40B2-B8C6-3E4C31BA2A9B}.Debug|Any CPU.ActiveCfg = Debug|Any CPU
		{AEAFE5F3-468F-40B2-B8C6-3E4C31BA2A9B}.Debug|Any CPU.Build.0 = Debug|Any CPU
		{AEAFE5F3-468F-40B2-B8C6-3E4C31BA2A9B}.Release|Any CPU.ActiveCfg = Release|Any CPU
		{AEAFE5F3-468F-40B2-B8C6-3E4C31BA2A9B}.Release|Any CPU.Build.0 = Release|Any CPU
		{0DBC8CBB-D008-44C0-AA76-15E7CE8C3027}.Debug|Any CPU.ActiveCfg = Debug|Any CPU
		{0DBC8CBB-D008-44C0-AA76-15E7CE8C3027}.Debug|Any CPU.Build.0 = Debug|Any CPU
		{0DBC8CBB-D008-44C0-AA76-15E7CE8C3027}.Release|Any CPU.ActiveCfg = Release|Any CPU
		{0DBC8CBB-D008-44C0-AA76-15E7CE8C3027}.Release|Any CPU.Build.0 = Release|Any CPU
		{4AB59F9B-D614-4A27-8684-CF7C1C3CA0D0}.Debug|Any CPU.ActiveCfg = Debug|Any CPU
		{4AB59F9B-D614-4A27-8684-CF7C1C3CA0D0}.Debug|Any CPU.Build.0 = Debug|Any CPU
		{4AB59F9B-D614-4A27-8684-CF7C1C3CA0D0}.Release|Any CPU.ActiveCfg = Release|Any CPU
		{4AB59F9B-D614-4A27-8684-CF7C1C3CA0D0}.Release|Any CPU.Build.0 = Release|Any CPU
	EndGlobalSection
	GlobalSection(NestedProjects) = preSolution
		{57EC703D-830F-4DEE-9137-052B1B9BC0EE} = {03503332-B746-463D-A093-4F0970121C05}
		{AEAFE5F3-468F-40B2-B8C6-3E4C31BA2A9B} = {03503332-B746-463D-A093-4F0970121C05}
		{0DBC8CBB-D008-44C0-AA76-15E7CE8C3027} = {03503332-B746-463D-A093-4F0970121C05}
		{4AB59F9B-D614-4A27-8684-CF7C1C3CA0D0} = {65555CDA-554C-4732-AB81-89AACD5F7A0E}
	EndGlobalSection
EndGlobal
